
Microsoft Visual Studio Solution File, Format Version 12.00
# Visual Studio Version 16
VisualStudioVersion = 16.0.34601.136
MinimumVisualStudioVersion = 10.0.40219.1
Project("{FAE04EC0-301F-11D3-BF4B-00C04F79EFBC}") = "калькулятор 22", "калькулятор 22.csproj", "{A0D1EDED-9B9F-4A47-84A5-06DA478080F2}"
EndProject
Global
	GlobalSection(SolutionConfigurationPlatforms) = preSolution
		Debug|Any CPU = Debug|Any CPU
		Release|Any CPU = Release|Any CPU
	EndGlobalSection
	GlobalSection(ProjectConfigurationPlatforms) = postSolution
		{A0D1EDED-9B9F-4A47-84A5-06DA478080F2}.Debug|Any CPU.ActiveCfg = Debug|Any CPU
		{A0D1EDED-9B9F-4A47-84A5-06DA478080F2}.Debug|Any CPU.Build.0 = Debug|Any CPU
		{A0D1EDED-9B9F-4A47-84A5-06DA478080F2}.Release|Any CPU.ActiveCfg = Release|Any CPU
		{A0D1EDED-9B9F-4A47-84A5-06DA478080F2}.Release|Any CPU.Build.0 = Release|Any CPU
	EndGlobalSection
	GlobalSection(SolutionProperties) = preSolution
		HideSolutionNode = FALSE
	EndGlobalSection
	GlobalSection(ExtensibilityGlobals) = postSolution
		SolutionGuid = {F7E40E6E-B3E5-4D60-9028-2C534D29F8E6}
	EndGlobalSection
EndGlobal
